
Microsoft Visual Studio Solution File, Format Version 12.00
# Visual Studio Version 17
VisualStudioVersion = 17.9.34728.123
MinimumVisualStudioVersion = 10.0.40219.1
Project("{FAE04EC0-301F-11D3-BF4B-00C04F79EFBC}") = "Northwind-EF", "Northwind-EF\Northwind-EF.csproj", "{FC957AD3-EB97-45BA-9D31-E9FB0949E825}"
EndProject
Global
	GlobalSection(SolutionConfigurationPlatforms) = preSolution
		Debug|Any CPU = Debug|Any CPU
		Release|Any CPU = Release|Any CPU
	EndGlobalSection
	GlobalSection(ProjectConfigurationPlatforms) = postSolution
		{FC957AD3-EB97-45BA-9D31-E9FB0949E825}.Debug|Any CPU.ActiveCfg = Debug|Any CPU
		{FC957AD3-EB97-45BA-9D31-E9FB0949E825}.Debug|Any CPU.Build.0 = Debug|Any CPU
		{FC957AD3-EB97-45BA-9D31-E9FB0949E825}.Release|Any CPU.ActiveCfg = Release|Any CPU
		{FC957AD3-EB97-45BA-9D31-E9FB0949E825}.Release|Any CPU.Build.0 = Release|Any CPU
	EndGlobalSection
	GlobalSection(SolutionProperties) = preSolution
		HideSolutionNode = FALSE
	EndGlobalSection
	GlobalSection(ExtensibilityGlobals) = postSolution
		SolutionGuid = {DA7F808F-1001-4648-8065-5D5F039E777A}
	EndGlobalSection
EndGlobal
